// !$*UTF8*$!
{
	archiveVersion = 1;
	classes = {
	};
	objectVersion = 50;
	objects = {

/* Begin PBXBuildFile section */
		FA28593021D5817900467CA4 /* AppDelegate.swift in Sources */ = {isa = PBXBuildFile; fileRef = FA28592F21D5817900467CA4 /* AppDelegate.swift */; };
		FA28593221D5817900467CA4 /* ViewController.swift in Sources */ = {isa = PBXBuildFile; fileRef = FA28593121D5817900467CA4 /* ViewController.swift */; };
		FA28593521D5817900467CA4 /* Main.storyboard in Resources */ = {isa = PBXBuildFile; fileRef = FA28593321D5817900467CA4 /* Main.storyboard */; };
		FA28593721D5817F00467CA4 /* Assets.xcassets in Resources */ = {isa = PBXBuildFile; fileRef = FA28593621D5817F00467CA4 /* Assets.xcassets */; };
		FA28593A21D5817F00467CA4 /* LaunchScreen.storyboard in Resources */ = {isa = PBXBuildFile; fileRef = FA28593821D5817F00467CA4 /* LaunchScreen.storyboard */; };
		FA28594521D5817F00467CA4 /* SearchBarTests.swift in Sources */ = {isa = PBXBuildFile; fileRef = FA28594421D5817F00467CA4 /* SearchBarTests.swift */; };
		FA28595021D5817F00467CA4 /* SearchBarUITests.swift in Sources */ = {isa = PBXBuildFile; fileRef = FA28594F21D5817F00467CA4 /* SearchBarUITests.swift */; };
/* End PBXBuildFile section */

/* Begin PBXContainerItemProxy section */
		FA28594121D5817F00467CA4 /* PBXContainerItemProxy */ = {
			isa = PBXContainerItemProxy;
			containerPortal = FA28592421D5817900467CA4 /* Project object */;
			proxyType = 1;
			remoteGlobalIDString = FA28592B21D5817900467CA4;
			remoteInfo = SearchBar;
		};
		FA28594C21D5817F00467CA4 /* PBXContainerItemProxy */ = {
			isa = PBXContainerItemProxy;
			containerPortal = FA28592421D5817900467CA4 /* Project object */;
			proxyType = 1;
			remoteGlobalIDString = FA28592B21D5817900467CA4;
			remoteInfo = SearchBar;
		};
/* End PBXContainerItemProxy section */

/* Begin PBXFileReference section */
		FA28592C21D5817900467CA4 /* SearchBar.app */ = {isa = PBXFileReference; explicitFileType = wrapper.application; includeInIndex = 0; path = SearchBar.app; sourceTree = BUILT_PRODUCTS_DIR; };
		FA28592F21D5817900467CA4 /* AppDelegate.swift */ = {isa = PBXFileReference; lastKnownFileType = sourcecode.swift; path = AppDelegate.swift; sourceTree = "<group>"; };
		FA28593121D5817900467CA4 /* ViewController.swift */ = {isa = PBXFileReference; lastKnownFileType = sourcecode.swift; path = ViewController.swift; sourceTree = "<group>"; };
		FA28593421D5817900467CA4 /* Base */ = {isa = PBXFileReference; lastKnownFileType = file.storyboard; name = Base; path = Base.lproj/Main.storyboard; sourceTree = "<group>"; };
		FA28593621D5817F00467CA4 /* Assets.xcassets */ = {isa = PBXFileReference; lastKnownFileType = folder.assetcatalog; path = Assets.xcassets; sourceTree = "<group>"; };
		FA28593921D5817F00467CA4 /* Base */ = {isa = PBXFileReference; lastKnownFileType = file.storyboard; name = Base; path = Base.lproj/LaunchScreen.storyboard; sourceTree = "<group>"; };
		FA28593B21D5817F00467CA4 /* Info.plist */ = {isa = PBXFileReference; lastKnownFileType = text.plist.xml; path = Info.plist; sourceTree = "<group>"; };
		FA28594021D5817F00467CA4 /* SearchBarTests.xctest */ = {isa = PBXFileReference; explicitFileType = wrapper.cfbundle; includeInIndex = 0; path = SearchBarTests.xctest; sourceTree = BUILT_PRODUCTS_DIR; };
		FA28594421D5817F00467CA4 /* SearchBarTests.swift */ = {isa = PBXFileReference; lastKnownFileType = sourcecode.swift; path = SearchBarTests.swift; sourceTree = "<group>"; };
		FA28594621D5817F00467CA4 /* Info.plist */ = {isa = PBXFileReference; lastKnownFileType = text.plist.xml; path = Info.plist; sourceTree = "<group>"; };
		FA28594B21D5817F00467CA4 /* SearchBarUITests.xctest */ = {isa = PBXFileReference; explicitFileType = wrapper.cfbundle; includeInIndex = 0; path = SearchBarUITests.xctest; sourceTree = BUILT_PRODUCTS_DIR; };
		FA28594F21D5817F00467CA4 /* SearchBarUITests.swift */ = {isa = PBXFileReference; lastKnownFileType = sourcecode.swift; path = SearchBarUITests.swift; sourceTree = "<group>"; };
		FA28595121D5817F00467CA4 /* Info.plist */ = {isa = PBXFileReference; lastKnownFileType = text.plist.xml; path = Info.plist; sourceTree = "<group>"; };
/* End PBXFileReference section */

/* Begin PBXFrameworksBuildPhase section */
		FA28592921D5817900467CA4 /* Frameworks */ = {
			isa = PBXFrameworksBuildPhase;
			buildActionMask = 2147483647;
			files = (
			);
			runOnlyForDeploymentPostprocessing = 0;
		};
		FA28593D21D5817F00467CA4 /* Frameworks */ = {
			isa = PBXFrameworksBuildPhase;
			buildActionMask = 2147483647;
			files = (
			);
			runOnlyForDeploymentPostprocessing = 0;
		};
		FA28594821D5817F00467CA4 /* Frameworks */ = {
			isa = PBXFrameworksBuildPhase;
			buildActionMask = 2147483647;
			files = (
			);
			runOnlyForDeploymentPostprocessing = 0;
		};
/* End PBXFrameworksBuildPhase section */

/* Begin PBXGroup section */
		FA28592321D5817800467CA4 = {
			isa = PBXGroup;
			children = (
				FA28592E21D5817900467CA4 /* SearchBar */,
				FA28594321D5817F00467CA4 /* SearchBarTests */,
				FA28594E21D5817F00467CA4 /* SearchBarUITests */,
				FA28592D21D5817900467CA4 /* Products */,
			);
			sourceTree = "<group>";
		};
		FA28592D21D5817900467CA4 /* Products */ = {
			isa = PBXGroup;
			children = (
				FA28592C21D5817900467CA4 /* SearchBar.app */,
				FA28594021D5817F00467CA4 /* SearchBarTests.xctest */,
				FA28594B21D5817F00467CA4 /* SearchBarUITests.xctest */,
			);
			name = Products;
			sourceTree = "<group>";
		};
		FA28592E21D5817900467CA4 /* SearchBar */ = {
			isa = PBXGroup;
			children = (
				FA28592F21D5817900467CA4 /* AppDelegate.swift */,
				FA28593121D5817900467CA4 /* ViewController.swift */,
				FA28593321D5817900467CA4 /* Main.storyboard */,
				FA28593621D5817F00467CA4 /* Assets.xcassets */,
				FA28593821D5817F00467CA4 /* LaunchScreen.storyboard */,
				FA28593B21D5817F00467CA4 /* Info.plist */,
			);
			path = SearchBar;
			sourceTree = "<group>";
		};
		FA28594321D5817F00467CA4 /* SearchBarTests */ = {
			isa = PBXGroup;
			children = (
				FA28594421D5817F00467CA4 /* SearchBarTests.swift */,
				FA28594621D5817F00467CA4 /* Info.plist */,
			);
			path = SearchBarTests;
			sourceTree = "<group>";
		};
		FA28594E21D5817F00467CA4 /* SearchBarUITests */ = {
			isa = PBXGroup;
			children = (
				FA28594F21D5817F00467CA4 /* SearchBarUITests.swift */,
				FA28595121D5817F00467CA4 /* Info.plist */,
			);
			path = SearchBarUITests;
			sourceTree = "<group>";
		};
/* End PBXGroup section */

/* Begin PBXNativeTarget section */
		FA28592B21D5817900467CA4 /* SearchBar */ = {
			isa = PBXNativeTarget;
			buildConfigurationList = FA28595421D5817F00467CA4 /* Build configuration list for PBXNativeTarget "SearchBar" */;
			buildPhases = (
				FA28592821D5817900467CA4 /* Sources */,
				FA28592921D5817900467CA4 /* Frameworks */,
				FA28592A21D5817900467CA4 /* Resources */,
			);
			buildRules = (
			);
			dependencies = (
			);
			name = SearchBar;
			productName = SearchBar;
			productReference = FA28592C21D5817900467CA4 /* SearchBar.app */;
			productType = "com.apple.product-type.application";
		};
		FA28593F21D5817F00467CA4 /* SearchBarTests */ = {
			isa = PBXNativeTarget;
			buildConfigurationList = FA28595721D5817F00467CA4 /* Build configuration list for PBXNativeTarget "SearchBarTests" */;
			buildPhases = (
				FA28593C21D5817F00467CA4 /* Sources */,
				FA28593D21D5817F00467CA4 /* Frameworks */,
				FA28593E21D5817F00467CA4 /* Resources */,
			);
			buildRules = (
			);
			dependencies = (
				FA28594221D5817F00467CA4 /* PBXTargetDependency */,
			);
			name = SearchBarTests;
			productName = SearchBarTests;
			productReference = FA28594021D5817F00467CA4 /* SearchBarTests.xctest */;
			productType = "com.apple.product-type.bundle.unit-test";
		};
		FA28594A21D5817F00467CA4 /* SearchBarUITests */ = {
			isa = PBXNativeTarget;
			buildConfigurationList = FA28595A21D5817F00467CA4 /* Build configuration list for PBXNativeTarget "SearchBarUITests" */;
			buildPhases = (
				FA28594721D5817F00467CA4 /* Sources */,
				FA28594821D5817F00467CA4 /* Frameworks */,
				FA28594921D5817F00467CA4 /* Resources */,
			);
			buildRules = (
			);
			dependencies = (
				FA28594D21D5817F00467CA4 /* PBXTargetDependency */,
			);
			name = SearchBarUITests;
			productName = SearchBarUITests;
			productReference = FA28594B21D5817F00467CA4 /* SearchBarUITests.xctest */;
			productType = "com.apple.product-type.bundle.ui-testing";
		};
/* End PBXNativeTarget section */

/* Begin PBXProject section */
		FA28592421D5817900467CA4 /* Project object */ = {
			isa = PBXProject;
			attributes = {
				LastSwiftUpdateCheck = 1010;
				LastUpgradeCheck = 1010;
				ORGANIZATIONNAME = dmorenoar;
				TargetAttributes = {
					FA28592B21D5817900467CA4 = {
						CreatedOnToolsVersion = 10.1;
					};
					FA28593F21D5817F00467CA4 = {
						CreatedOnToolsVersion = 10.1;
						TestTargetID = FA28592B21D5817900467CA4;
					};
					FA28594A21D5817F00467CA4 = {
						CreatedOnToolsVersion = 10.1;
						TestTargetID = FA28592B21D5817900467CA4;
					};
				};
			};
			buildConfigurationList = FA28592721D5817900467CA4 /* Build configuration list for PBXProject "SearchBar" */;
			compatibilityVersion = "Xcode 9.3";
			developmentRegion = en;
			hasScannedForEncodings = 0;
			knownRegions = (
				en,
				Base,
			);
			mainGroup = FA28592321D5817800467CA4;
			productRefGroup = FA28592D21D5817900467CA4 /* Products */;
			projectDirPath = "";
			projectRoot = "";
			targets = (
				FA28592B21D5817900467CA4 /* SearchBar */,
				FA28593F21D5817F00467CA4 /* SearchBarTests */,
				FA28594A21D5817F00467CA4 /* SearchBarUITests */,
			);
		};
/* End PBXProject section */

/* Begin PBXResourcesBuildPhase section */
		FA28592A21D5817900467CA4 /* Resources */ = {
			isa = PBXResourcesBuildPhase;
			buildActionMask = 2147483647;
			files = (
				FA28593A21D5817F00467CA4 /* LaunchScreen.storyboard in Resources */,
				FA28593721D5817F00467CA4 /* Assets.xcassets in Resources */,
				FA28593521D5817900467CA4 /* Main.storyboard in Resources */,
			);
			runOnlyForDeploymentPostprocessing = 0;
		};
		FA28593E21D5817F00467CA4 /* Resources */ = {
			isa = PBXResourcesBuildPhase;
			buildActionMask = 2147483647;
			files = (
			);
			runOnlyForDeploymentPostprocessing = 0;
		};
		FA28594921D5817F00467CA4 /* Resources */ = {
			isa = PBXResourcesBuildPhase;
			buildActionMask = 2147483647;
			files = (
			);
			runOnlyForDeploymentPostprocessing = 0;
		};
/* End PBXResourcesBuildPhase section */

/* Begin PBXSourcesBuildPhase section */
		FA28592821D5817900467CA4 /* Sources */ = {
			isa = PBXSourcesBuildPhase;
			buildActionMask = 2147483647;
			files = (
				FA28593221D5817900467CA4 /* ViewController.swift in Sources */,
				FA28593021D5817900467CA4 /* AppDelegate.swift in Sources */,
			);
			runOnlyForDeploymentPostprocessing = 0;
		};
		FA28593C21D5817F00467CA4 /* Sources */ = {
			isa = PBXSourcesBuildPhase;
			buildActionMask = 2147483647;
			files = (
				FA28594521D5817F00467CA4 /* SearchBarTests.swift in Sources */,
			);
			runOnlyForDeploymentPostprocessing = 0;
		};
		FA28594721D5817F00467CA4 /* Sources */ = {
			isa = PBXSourcesBuildPhase;
			buildActionMask = 2147483647;
			files = (
				FA28595021D5817F00467CA4 /* SearchBarUITests.swift in Sources */,
			);
			runOnlyForDeploymentPostprocessing = 0;
		};
/* End PBXSourcesBuildPhase section */

/* Begin PBXTargetDependency section */
		FA28594221D5817F00467CA4 /* PBXTargetDependency */ = {
			isa = PBXTargetDependency;
			target = FA28592B21D5817900467CA4 /* SearchBar */;
			targetProxy = FA28594121D5817F00467CA4 /* PBXContainerItemProxy */;
		};
		FA28594D21D5817F00467CA4 /* PBXTargetDependency */ = {
			isa = PBXTargetDependency;
			target = FA28592B21D5817900467CA4 /* SearchBar */;
			targetProxy = FA28594C21D5817F00467CA4 /* PBXContainerItemProxy */;
		};
/* End PBXTargetDependency section */

/* Begin PBXVariantGroup section */
		FA28593321D5817900467CA4 /* Main.storyboard */ = {
			isa = PBXVariantGroup;
			children = (
				FA28593421D5817900467CA4 /* Base */,
			);
			name = Main.storyboard;
			sourceTree = "<group>";
		};
		FA28593821D5817F00467CA4 /* LaunchScreen.storyboard */ = {
			isa = PBXVariantGroup;
			children = (
				FA28593921D5817F00467CA4 /* Base */,
			);
			name = LaunchScreen.storyboard;
			sourceTree = "<group>";
		};
/* End PBXVariantGroup section */

/* Begin XCBuildConfiguration section */
		FA28595221D5817F00467CA4 /* Debug */ = {
			isa = XCBuildConfiguration;
			buildSettings = {
				ALWAYS_SEARCH_USER_PATHS = NO;
				CLANG_ANALYZER_NONNULL = YES;
				CLANG_ANALYZER_NUMBER_OBJECT_CONVERSION = YES_AGGRESSIVE;
				CLANG_CXX_LANGUAGE_STANDARD = "gnu++14";
				CLANG_CXX_LIBRARY = "libc++";
				CLANG_ENABLE_MODULES = YES;
				CLANG_ENABLE_OBJC_ARC = YES;
				CLANG_ENABLE_OBJC_WEAK = YES;
				CLANG_WARN_BLOCK_CAPTURE_AUTORELEASING = YES;
				CLANG_WARN_BOOL_CONVERSION = YES;
				CLANG_WARN_COMMA = YES;
				CLANG_WARN_CONSTANT_CONVERSION = YES;
				CLANG_WARN_DEPRECATED_OBJC_IMPLEMENTATIONS = YES;
				CLANG_WARN_DIRECT_OBJC_ISA_USAGE = YES_ERROR;
				CLANG_WARN_DOCUMENTATION_COMMENTS = YES;
				CLANG_WARN_EMPTY_BODY = YES;
				CLANG_WARN_ENUM_CONVERSION = YES;
				CLANG_WARN_INFINITE_RECURSION = YES;
				CLANG_WARN_INT_CONVERSION = YES;
				CLANG_WARN_NON_LITERAL_NULL_CONVERSION = YES;
				CLANG_WARN_OBJC_IMPLICIT_RETAIN_SELF = YES;
				CLANG_WARN_OBJC_LITERAL_CONVERSION = YES;
				CLANG_WARN_OBJC_ROOT_CLASS = YES_ERROR;
				CLANG_WARN_RANGE_LOOP_ANALYSIS = YES;
				CLANG_WARN_STRICT_PROTOTYPES = YES;
				CLANG_WARN_SUSPICIOUS_MOVE = YES;
				CLANG_WARN_UNGUARDED_AVAILABILITY = YES_AGGRESSIVE;
				CLANG_WARN_UNREACHABLE_CODE = YES;
				CLANG_WARN__DUPLICATE_METHOD_MATCH = YES;
				CODE_SIGN_IDENTITY = "iPhone Developer";
				COPY_PHASE_STRIP = NO;
				DEBUG_INFORMATION_FORMAT = dwarf;
				ENABLE_STRICT_OBJC_MSGSEND = YES;
				ENABLE_TESTABILITY = YES;
				GCC_C_LANGUAGE_STANDARD = gnu11;
				GCC_DYNAMIC_NO_PIC = NO;
				GCC_NO_COMMON_BLOCKS = YES;
				GCC_OPTIMIZATION_LEVEL = 0;
				GCC_PREPROCESSOR_DEFINITIONS = (
					"DEBUG=1",
					"$(inherited)",
				);
				GCC_WARN_64_TO_32_BIT_CONVERSION = YES;
				GCC_WARN_ABOUT_RETURN_TYPE = YES_ERROR;
				GCC_WARN_UNDECLARED_SELECTOR = YES;
				GCC_WARN_UNINITIALIZED_AUTOS = YES_AGGRESSIVE;
				GCC_WARN_UNUSED_FUNCTION = YES;
				GCC_WARN_UNUSED_VARIABLE = YES;
				IPHONEOS_DEPLOYMENT_TARGET = 12.1;
				MTL_ENABLE_DEBUG_INFO = INCLUDE_SOURCE;
				MTL_FAST_MATH = YES;
				ONLY_ACTIVE_ARCH = YES;
				SDKROOT = iphoneos;
				SWIFT_ACTIVE_COMPILATION_CONDITIONS = DEBUG;
				SWIFT_OPTIMIZATION_LEVEL = "-Onone";
			};
			name = Debug;
		};
		FA28595321D5817F00467CA4 /* Release */ = {
			isa = XCBuildConfiguration;
			buildSettings = {
				ALWAYS_SEARCH_USER_PATHS = NO;
				CLANG_ANALYZER_NONNULL = YES;
				CLANG_ANALYZER_NUMBER_OBJECT_CONVERSION = YES_AGGRESSIVE;
				CLANG_CXX_LANGUAGE_STANDARD = "gnu++14";
				CLANG_CXX_LIBRARY = "libc++";
				CLANG_ENABLE_MODULES = YES;
				CLANG_ENABLE_OBJC_ARC = YES;
				CLANG_ENABLE_OBJC_WEAK = YES;
				CLANG_WARN_BLOCK_CAPTURE_AUTORELEASING = YES;
				CLANG_WARN_BOOL_CONVERSION = YES;
				CLANG_WARN_COMMA = YES;
				CLANG_WARN_CONSTANT_CONVERSION = YES;
				CLANG_WARN_DEPRECATED_OBJC_IMPLEMENTATIONS = YES;
				CLANG_WARN_DIRECT_OBJC_ISA_USAGE = YES_ERROR;
				CLANG_WARN_DOCUMENTATION_COMMENTS = YES;
				CLANG_WARN_EMPTY_BODY = YES;
				CLANG_WARN_ENUM_CONVERSION = YES;
				CLANG_WARN_INFINITE_RECURSION = YES;
				CLANG_WARN_INT_CONVERSION = YES;
				CLANG_WARN_NON_LITERAL_NULL_CONVERSION = YES;
				CLANG_WARN_OBJC_IMPLICIT_RETAIN_SELF = YES;
				CLANG_WARN_OBJC_LITERAL_CONVERSION = YES;
				CLANG_WARN_OBJC_ROOT_CLASS = YES_ERROR;
				CLANG_WARN_RANGE_LOOP_ANALYSIS = YES;
				CLANG_WARN_STRICT_PROTOTYPES = YES;
				CLANG_WARN_SUSPICIOUS_MOVE = YES;
				CLANG_WARN_UNGUARDED_AVAILABILITY = YES_AGGRESSIVE;
				CLANG_WARN_UNREACHABLE_CODE = YES;
				CLANG_WARN__DUPLICATE_METHOD_MATCH = YES;
				CODE_SIGN_IDENTITY = "iPhone Developer";
				COPY_PHASE_STRIP = NO;
				DEBUG_INFORMATION_FORMAT = "dwarf-with-dsym";
				ENABLE_NS_ASSERTIONS = NO;
				ENABLE_STRICT_OBJC_MSGSEND = YES;
				GCC_C_LANGUAGE_STANDARD = gnu11;
				GCC_NO_COMMON_BLOCKS = YES;
				GCC_WARN_64_TO_32_BIT_CONVERSION = YES;
				GCC_WARN_ABOUT_RETURN_TYPE = YES_ERROR;
				GCC_WARN_UNDECLARED_SELECTOR = YES;
				GCC_WARN_UNINITIALIZED_AUTOS = YES_AGGRESSIVE;
				GCC_WARN_UNUSED_FUNCTION = YES;
				GCC_WARN_UNUSED_VARIABLE = YES;
				IPHONEOS_DEPLOYMENT_TARGET = 12.1;
				MTL_ENABLE_DEBUG_INFO = NO;
				MTL_FAST_MATH = YES;
				SDKROOT = iphoneos;
				SWIFT_COMPILATION_MODE = wholemodule;
				SWIFT_OPTIMIZATION_LEVEL = "-O";
				VALIDATE_PRODUCT = YES;
			};
			name = Release;
		};
		FA28595521D5817F00467CA4 /* Debug */ = {
			isa = XCBuildConfiguration;
			buildSettings = {
				ASSETCATALOG_COMPILER_APPICON_NAME = AppIcon;
				CODE_SIGN_STYLE = Automatic;
				INFOPLIST_FILE = SearchBar/Info.plist;
				LD_RUNPATH_SEARCH_PATHS = (
					"$(inherited)",
					"@executable_path/Frameworks",
				);
				PRODUCT_BUNDLE_IDENTIFIER = dmorenoar.stucom.SearchBar;
				PRODUCT_NAME = "$(TARGET_NAME)";
				SWIFT_VERSION = 4.2;
				TARGETED_DEVICE_FAMILY = "1,2";
			};
			name = Debug;
		};
		FA28595621D5817F00467CA4 /* Release */ = {
			isa = XCBuildConfiguration;
			buildSettings = {
				ASSETCATALOG_COMPILER_APPICON_NAME = AppIcon;
				CODE_SIGN_STYLE = Automatic;
				INFOPLIST_FILE = SearchBar/Info.plist;
				LD_RUNPATH_SEARCH_PATHS = (
					"$(inherited)",
					"@executable_path/Frameworks",
				);
				PRODUCT_BUNDLE_IDENTIFIER = dmorenoar.stucom.SearchBar;
				PRODUCT_NAME = "$(TARGET_NAME)";
				SWIFT_VERSION = 4.2;
				TARGETED_DEVICE_FAMILY = "1,2";
			};
			name = Release;
		};
		FA28595821D5817F00467CA4 /* Debug */ = {
			isa = XCBuildConfiguration;
			buildSettings = {
				ALWAYS_EMBED_SWIFT_STANDARD_LIBRARIES = YES;
				BUNDLE_LOADER = "$(TEST_HOST)";
				CODE_SIGN_STYLE = Automatic;
				INFOPLIST_FILE = SearchBarTests/Info.plist;
				LD_RUNPATH_SEARCH_PATHS = (
					"$(inherited)",
					"@executable_path/Frameworks",
					"@loader_path/Frameworks",
				);
				PRODUCT_BUNDLE_IDENTIFIER = dmorenoar.stucom.SearchBarTests;
				PRODUCT_NAME = "$(TARGET_NAME)";
				SWIFT_VERSION = 4.2;
				TARGETED_DEVICE_FAMILY = "1,2";
				TEST_HOST = "$(BUILT_PRODUCTS_DIR)/SearchBar.app/SearchBar";
			};
			name = Debug;
		};
		FA28595921D5817F00467CA4 /* Release */ = {
			isa = XCBuildConfiguration;
			buildSettings = {
				ALWAYS_EMBED_SWIFT_STANDARD_LIBRARIES = YES;
				BUNDLE_LOADER = "$(TEST_HOST)";
				CODE_SIGN_STYLE = Automatic;
				INFOPLIST_FILE = SearchBarTests/Info.plist;
				LD_RUNPATH_SEARCH_PATHS = (
					"$(inherited)",
					"@executable_path/Frameworks",
					"@loader_path/Frameworks",
				);
				PRODUCT_BUNDLE_IDENTIFIER = dmorenoar.stucom.SearchBarTests;
				PRODUCT_NAME = "$(TARGET_NAME)";
				SWIFT_VERSION = 4.2;
				TARGETED_DEVICE_FAMILY = "1,2";
				TEST_HOST = "$(BUILT_PRODUCTS_DIR)/SearchBar.app/SearchBar";
			};
			name = Release;
		};
		FA28595B21D5817F00467CA4 /* Debug */ = {
			isa = XCBuildConfiguration;
			buildSettings = {
				ALWAYS_EMBED_SWIFT_STANDARD_LIBRARIES = YES;
				CODE_SIGN_STYLE = Automatic;
				INFOPLIST_FILE = SearchBarUITests/Info.plist;
				LD_RUNPATH_SEARCH_PATHS = (
					"$(inherited)",
					"@executable_path/Frameworks",
					"@loader_path/Frameworks",
				);
				PRODUCT_BUNDLE_IDENTIFIER = dmorenoar.stucom.SearchBarUITests;
				PRODUCT_NAME = "$(TARGET_NAME)";
				SWIFT_VERSION = 4.2;
				TARGETED_DEVICE_FAMILY = "1,2";
				TEST_TARGET_NAME = SearchBar;
			};
			name = Debug;
		};
		FA28595C21D5817F00467CA4 /* Release */ = {
			isa = XCBuildConfiguration;
			buildSettings = {
				ALWAYS_EMBED_SWIFT_STANDARD_LIBRARIES = YES;
				CODE_SIGN_STYLE = Automatic;
				INFOPLIST_FILE = SearchBarUITests/Info.plist;
				LD_RUNPATH_SEARCH_PATHS = (
					"$(inherited)",
					"@executable_path/Frameworks",
					"@loader_path/Frameworks",
				);
				PRODUCT_BUNDLE_IDENTIFIER = dmorenoar.stucom.SearchBarUITests;
				PRODUCT_NAME = "$(TARGET_NAME)";
				SWIFT_VERSION = 4.2;
				TARGETED_DEVICE_FAMILY = "1,2";
				TEST_TARGET_NAME = SearchBar;
			};
			name = Release;
		};
/* End XCBuildConfiguration section */

/* Begin XCConfigurationList section */
		FA28592721D5817900467CA4 /* Build configuration list for PBXProject "SearchBar" */ = {
			isa = XCConfigurationList;
			buildConfigurations = (
				FA28595221D5817F00467CA4 /* Debug */,
				FA28595321D5817F00467CA4 /* Release */,
			);
			defaultConfigurationIsVisible = 0;
			defaultConfigurationName = Release;
		};
		FA28595421D5817F00467CA4 /* Build configuration list for PBXNativeTarget "SearchBar" */ = {
			isa = XCConfigurationList;
			buildConfigurations = (
				FA28595521D5817F00467CA4 /* Debug */,
				FA28595621D5817F00467CA4 /* Release */,
			);
			defaultConfigurationIsVisible = 0;
			defaultConfigurationName = Release;
		};
		FA28595721D5817F00467CA4 /* Build configuration list for PBXNativeTarget "SearchBarTests" */ = {
			isa = XCConfigurationList;
			buildConfigurations = (
				FA28595821D5817F00467CA4 /* Debug */,
				FA28595921D5817F00467CA4 /* Release */,
			);
			defaultConfigurationIsVisible = 0;
			defaultConfigurationName = Release;
		};
		FA28595A21D5817F00467CA4 /* Build configuration list for PBXNativeTarget "SearchBarUITests" */ = {
			isa = XCConfigurationList;
			buildConfigurations = (
				FA28595B21D5817F00467CA4 /* Debug */,
				FA28595C21D5817F00467CA4 /* Release */,
			);
			defaultConfigurationIsVisible = 0;
			defaultConfigurationName = Release;
		};
/* End XCConfigurationList section */
	};
	rootObject = FA28592421D5817900467CA4 /* Project object */;
}
